
Microsoft Visual Studio Solution File, Format Version 12.00
# Visual Studio 2012
Project("{FAE04EC0-301F-11D3-BF4B-00C04F79EFBC}") = "MgcgCL", "MgcgCL\MgcgCL.csproj", "{B29B2EDE-B3F8-4956-8C96-C271EEE05C93}"
EndProject
Project("{8BC9CEB8-8B4A-11D0-8D11-00A0C91BC942}") = "Mgcg", "Mgcg\Mgcg.vcxproj", "{AA8DA29E-70A3-4B1A-89CC-C7FA77841D33}"
EndProject
Global
	GlobalSection(SolutionConfigurationPlatforms) = preSolution
		Debug|Any CPU = Debug|Any CPU
		Debug|x64 = Debug|x64
		Release|Any CPU = Release|Any CPU
		Release|x64 = Release|x64
	EndGlobalSection
	GlobalSection(ProjectConfigurationPlatforms) = postSolution
		{B29B2EDE-B3F8-4956-8C96-C271EEE05C93}.Debug|Any CPU.ActiveCfg = Debug|Any CPU
		{B29B2EDE-B3F8-4956-8C96-C271EEE05C93}.Debug|Any CPU.Build.0 = Debug|Any CPU
		{B29B2EDE-B3F8-4956-8C96-C271EEE05C93}.Debug|x64.ActiveCfg = Debug|Any CPU
		{B29B2EDE-B3F8-4956-8C96-C271EEE05C93}.Debug|x64.Build.0 = Debug|Any CPU
		{B29B2EDE-B3F8-4956-8C96-C271EEE05C93}.Release|Any CPU.ActiveCfg = Release|Any CPU
		{B29B2EDE-B3F8-4956-8C96-C271EEE05C93}.Release|Any CPU.Build.0 = Release|Any CPU
		{B29B2EDE-B3F8-4956-8C96-C271EEE05C93}.Release|x64.ActiveCfg = Release|Any CPU
		{AA8DA29E-70A3-4B1A-89CC-C7FA77841D33}.Debug|Any CPU.ActiveCfg = Debug|Win32
		{AA8DA29E-70A3-4B1A-89CC-C7FA77841D33}.Debug|Any CPU.Build.0 = Debug|Win32
		{AA8DA29E-70A3-4B1A-89CC-C7FA77841D33}.Debug|x64.ActiveCfg = Debug|x64
		{AA8DA29E-70A3-4B1A-89CC-C7FA77841D33}.Debug|x64.Build.0 = Debug|x64
		{AA8DA29E-70A3-4B1A-89CC-C7FA77841D33}.Release|Any CPU.ActiveCfg = Release|x64
		{AA8DA29E-70A3-4B1A-89CC-C7FA77841D33}.Release|Any CPU.Build.0 = Release|x64
		{AA8DA29E-70A3-4B1A-89CC-C7FA77841D33}.Release|x64.ActiveCfg = Release|x64
		{AA8DA29E-70A3-4B1A-89CC-C7FA77841D33}.Release|x64.Build.0 = Release|x64
	EndGlobalSection
	GlobalSection(SolutionProperties) = preSolution
		HideSolutionNode = FALSE
	EndGlobalSection
EndGlobal
